// !$*UTF8*$!
{
	archiveVersion = 1;
	classes = {
	};
	objectVersion = 46;
	objects = {

/* Begin PBXBuildFile section */
		5C800419196F6CA900897F1B /* AppDelegate.swift in Sources */ = {isa = PBXBuildFile; fileRef = 5C800418196F6CA900897F1B /* AppDelegate.swift */; };
		5C80041B196F6CA900897F1B /* ViewController.swift in Sources */ = {isa = PBXBuildFile; fileRef = 5C80041A196F6CA900897F1B /* ViewController.swift */; };
		5C80041E196F6CA900897F1B /* Main.storyboard in Resources */ = {isa = PBXBuildFile; fileRef = 5C80041C196F6CA900897F1B /* Main.storyboard */; };
		5C800420196F6CA900897F1B /* Images.xcassets in Resources */ = {isa = PBXBuildFile; fileRef = 5C80041F196F6CA900897F1B /* Images.xcassets */; };
		5C80042C196F6CA900897F1B /* FeedReader_SwiftTests.swift in Sources */ = {isa = PBXBuildFile; fileRef = 5C80042B196F6CA900897F1B /* FeedReader_SwiftTests.swift */; };
/* End PBXBuildFile section */

/* Begin PBXContainerItemProxy section */
		5C800426196F6CA900897F1B /* PBXContainerItemProxy */ = {
			isa = PBXContainerItemProxy;
			containerPortal = 5C80040B196F6CA900897F1B /* Project object */;
			proxyType = 1;
			remoteGlobalIDString = 5C800412196F6CA900897F1B;
			remoteInfo = "FeedReader-Swift";
		};
/* End PBXContainerItemProxy section */

/* Begin PBXFileReference section */
		5C800413196F6CA900897F1B /* FeedReader-Swift.app */ = {isa = PBXFileReference; explicitFileType = wrapper.application; includeInIndex = 0; path = "FeedReader-Swift.app"; sourceTree = BUILT_PRODUCTS_DIR; };
		5C800417196F6CA900897F1B /* Info.plist */ = {isa = PBXFileReference; lastKnownFileType = text.plist.xml; path = Info.plist; sourceTree = "<group>"; };
		5C800418196F6CA900897F1B /* AppDelegate.swift */ = {isa = PBXFileReference; lastKnownFileType = sourcecode.swift; path = AppDelegate.swift; sourceTree = "<group>"; };
		5C80041A196F6CA900897F1B /* ViewController.swift */ = {isa = PBXFileReference; lastKnownFileType = sourcecode.swift; path = ViewController.swift; sourceTree = "<group>"; };
		5C80041D196F6CA900897F1B /* Base */ = {isa = PBXFileReference; lastKnownFileType = file.storyboard; name = Base; path = Base.lproj/Main.storyboard; sourceTree = "<group>"; };
		5C80041F196F6CA900897F1B /* Images.xcassets */ = {isa = PBXFileReference; lastKnownFileType = folder.assetcatalog; path = Images.xcassets; sourceTree = "<group>"; };
		5C800425196F6CA900897F1B /* FeedReader-SwiftTests.xctest */ = {isa = PBXFileReference; explicitFileType = wrapper.cfbundle; includeInIndex = 0; path = "FeedReader-SwiftTests.xctest"; sourceTree = BUILT_PRODUCTS_DIR; };
		5C80042A196F6CA900897F1B /* Info.plist */ = {isa = PBXFileReference; lastKnownFileType = text.plist.xml; path = Info.plist; sourceTree = "<group>"; };
		5C80042B196F6CA900897F1B /* FeedReader_SwiftTests.swift */ = {isa = PBXFileReference; lastKnownFileType = sourcecode.swift; path = FeedReader_SwiftTests.swift; sourceTree = "<group>"; };
/* End PBXFileReference section */

/* Begin PBXFrameworksBuildPhase section */
		5C800410196F6CA900897F1B /* Frameworks */ = {
			isa = PBXFrameworksBuildPhase;
			buildActionMask = 2147483647;
			files = (
			);
			runOnlyForDeploymentPostprocessing = 0;
		};
		5C800422196F6CA900897F1B /* Frameworks */ = {
			isa = PBXFrameworksBuildPhase;
			buildActionMask = 2147483647;
			files = (
			);
			runOnlyForDeploymentPostprocessing = 0;
		};
/* End PBXFrameworksBuildPhase section */

/* Begin PBXGroup section */
		5C80040A196F6CA900897F1B = {
			isa = PBXGroup;
			children = (
				5C800415196F6CA900897F1B /* FeedReader-Swift */,
				5C800428196F6CA900897F1B /* FeedReader-SwiftTests */,
				5C800414196F6CA900897F1B /* Products */,
			);
			sourceTree = "<group>";
		};
		5C800414196F6CA900897F1B /* Products */ = {
			isa = PBXGroup;
			children = (
				5C800413196F6CA900897F1B /* FeedReader-Swift.app */,
				5C800425196F6CA900897F1B /* FeedReader-SwiftTests.xctest */,
			);
			name = Products;
			sourceTree = "<group>";
		};
		5C800415196F6CA900897F1B /* FeedReader-Swift */ = {
			isa = PBXGroup;
			children = (
				5C800418196F6CA900897F1B /* AppDelegate.swift */,
				5C80041A196F6CA900897F1B /* ViewController.swift */,
				5C80041C196F6CA900897F1B /* Main.storyboard */,
				5C80041F196F6CA900897F1B /* Images.xcassets */,
				5C800416196F6CA900897F1B /* Supporting Files */,
			);
			path = "FeedReader-Swift";
			sourceTree = "<group>";
		};
		5C800416196F6CA900897F1B /* Supporting Files */ = {
			isa = PBXGroup;
			children = (
				5C800417196F6CA900897F1B /* Info.plist */,
			);
			name = "Supporting Files";
			sourceTree = "<group>";
		};
		5C800428196F6CA900897F1B /* FeedReader-SwiftTests */ = {
			isa = PBXGroup;
			children = (
				5C80042B196F6CA900897F1B /* FeedReader_SwiftTests.swift */,
				5C800429196F6CA900897F1B /* Supporting Files */,
			);
			path = "FeedReader-SwiftTests";
			sourceTree = "<group>";
		};
		5C800429196F6CA900897F1B /* Supporting Files */ = {
			isa = PBXGroup;
			children = (
				5C80042A196F6CA900897F1B /* Info.plist */,
			);
			name = "Supporting Files";
			sourceTree = "<group>";
		};
/* End PBXGroup section */

/* Begin PBXNativeTarget section */
		5C800412196F6CA900897F1B /* FeedReader-Swift */ = {
			isa = PBXNativeTarget;
			buildConfigurationList = 5C80042F196F6CA900897F1B /* Build configuration list for PBXNativeTarget "FeedReader-Swift" */;
			buildPhases = (
				5C80040F196F6CA900897F1B /* Sources */,
				5C800410196F6CA900897F1B /* Frameworks */,
				5C800411196F6CA900897F1B /* Resources */,
			);
			buildRules = (
			);
			dependencies = (
			);
			name = "FeedReader-Swift";
			productName = "FeedReader-Swift";
			productReference = 5C800413196F6CA900897F1B /* FeedReader-Swift.app */;
			productType = "com.apple.product-type.application";
		};
		5C800424196F6CA900897F1B /* FeedReader-SwiftTests */ = {
			isa = PBXNativeTarget;
			buildConfigurationList = 5C800432196F6CA900897F1B /* Build configuration list for PBXNativeTarget "FeedReader-SwiftTests" */;
			buildPhases = (
				5C800421196F6CA900897F1B /* Sources */,
				5C800422196F6CA900897F1B /* Frameworks */,
				5C800423196F6CA900897F1B /* Resources */,
			);
			buildRules = (
			);
			dependencies = (
				5C800427196F6CA900897F1B /* PBXTargetDependency */,
			);
			name = "FeedReader-SwiftTests";
			productName = "FeedReader-SwiftTests";
			productReference = 5C800425196F6CA900897F1B /* FeedReader-SwiftTests.xctest */;
			productType = "com.apple.product-type.bundle.unit-test";
		};
/* End PBXNativeTarget section */

/* Begin PBXProject section */
		5C80040B196F6CA900897F1B /* Project object */ = {
			isa = PBXProject;
			attributes = {
				LastUpgradeCheck = 0600;
				ORGANIZATIONNAME = "Kent State University";
				TargetAttributes = {
					5C800412196F6CA900897F1B = {
						CreatedOnToolsVersion = 6.0;
					};
					5C800424196F6CA900897F1B = {
						CreatedOnToolsVersion = 6.0;
						TestTargetID = 5C800412196F6CA900897F1B;
					};
				};
			};
			buildConfigurationList = 5C80040E196F6CA900897F1B /* Build configuration list for PBXProject "FeedReader-Swift" */;
			compatibilityVersion = "Xcode 3.2";
			developmentRegion = English;
			hasScannedForEncodings = 0;
			knownRegions = (
				en,
				Base,
			);
			mainGroup = 5C80040A196F6CA900897F1B;
			productRefGroup = 5C800414196F6CA900897F1B /* Products */;
			projectDirPath = "";
			projectRoot = "";
			targets = (
				5C800412196F6CA900897F1B /* FeedReader-Swift */,
				5C800424196F6CA900897F1B /* FeedReader-SwiftTests */,
			);
		};
/* End PBXProject section */

/* Begin PBXResourcesBuildPhase section */
		5C800411196F6CA900897F1B /* Resources */ = {
			isa = PBXResourcesBuildPhase;
			buildActionMask = 2147483647;
			files = (
				5C80041E196F6CA900897F1B /* Main.storyboard in Resources */,
				5C800420196F6CA900897F1B /* Images.xcassets in Resources */,
			);
			runOnlyForDeploymentPostprocessing = 0;
		};
		5C800423196F6CA900897F1B /* Resources */ = {
			isa = PBXResourcesBuildPhase;
			buildActionMask = 2147483647;
			files = (
			);
			runOnlyForDeploymentPostprocessing = 0;
		};
/* End PBXResourcesBuildPhase section */

/* Begin PBXSourcesBuildPhase section */
		5C80040F196F6CA900897F1B /* Sources */ = {
			isa = PBXSourcesBuildPhase;
			buildActionMask = 2147483647;
			files = (
				5C80041B196F6CA900897F1B /* ViewController.swift in Sources */,
				5C800419196F6CA900897F1B /* AppDelegate.swift in Sources */,
			);
			runOnlyForDeploymentPostprocessing = 0;
		};
		5C800421196F6CA900897F1B /* Sources */ = {
			isa = PBXSourcesBuildPhase;
			buildActionMask = 2147483647;
			files = (
				5C80042C196F6CA900897F1B /* FeedReader_SwiftTests.swift in Sources */,
			);
			runOnlyForDeploymentPostprocessing = 0;
		};
/* End PBXSourcesBuildPhase section */

/* Begin PBXTargetDependency section */
		5C800427196F6CA900897F1B /* PBXTargetDependency */ = {
			isa = PBXTargetDependency;
			target = 5C800412196F6CA900897F1B /* FeedReader-Swift */;
			targetProxy = 5C800426196F6CA900897F1B /* PBXContainerItemProxy */;
		};
/* End PBXTargetDependency section */

/* Begin PBXVariantGroup section */
		5C80041C196F6CA900897F1B /* Main.storyboard */ = {
			isa = PBXVariantGroup;
			children = (
				5C80041D196F6CA900897F1B /* Base */,
			);
			name = Main.storyboard;
			sourceTree = "<group>";
		};
/* End PBXVariantGroup section */

/* Begin XCBuildConfiguration section */
		5C80042D196F6CA900897F1B /* Debug */ = {
			isa = XCBuildConfiguration;
			buildSettings = {
				ALWAYS_SEARCH_USER_PATHS = NO;
				CLANG_CXX_LANGUAGE_STANDARD = "gnu++0x";
				CLANG_CXX_LIBRARY = "libc++";
				CLANG_ENABLE_MODULES = YES;
				CLANG_ENABLE_OBJC_ARC = YES;
				CLANG_WARN_BOOL_CONVERSION = YES;
				CLANG_WARN_CONSTANT_CONVERSION = YES;
				CLANG_WARN_DIRECT_OBJC_ISA_USAGE = YES_ERROR;
				CLANG_WARN_EMPTY_BODY = YES;
				CLANG_WARN_ENUM_CONVERSION = YES;
				CLANG_WARN_INT_CONVERSION = YES;
				CLANG_WARN_OBJC_ROOT_CLASS = YES_ERROR;
				CLANG_WARN_UNREACHABLE_CODE = YES;
				CLANG_WARN__DUPLICATE_METHOD_MATCH = YES;
				"CODE_SIGN_IDENTITY[sdk=iphoneos*]" = "iPhone Developer";
				COPY_PHASE_STRIP = NO;
				ENABLE_STRICT_OBJC_MSGSEND = YES;
				GCC_C_LANGUAGE_STANDARD = gnu99;
				GCC_DYNAMIC_NO_PIC = NO;
				GCC_OPTIMIZATION_LEVEL = 0;
				GCC_PREPROCESSOR_DEFINITIONS = (
					"DEBUG=1",
					"$(inherited)",
				);
				GCC_SYMBOLS_PRIVATE_EXTERN = NO;
				GCC_WARN_64_TO_32_BIT_CONVERSION = YES;
				GCC_WARN_ABOUT_RETURN_TYPE = YES_ERROR;
				GCC_WARN_UNDECLARED_SELECTOR = YES;
				GCC_WARN_UNINITIALIZED_AUTOS = YES_AGGRESSIVE;
				GCC_WARN_UNUSED_FUNCTION = YES;
				GCC_WARN_UNUSED_VARIABLE = YES;
				IPHONEOS_DEPLOYMENT_TARGET = 8.0;
				MTL_ENABLE_DEBUG_INFO = YES;
				ONLY_ACTIVE_ARCH = YES;
				SDKROOT = iphoneos;
				SWIFT_OPTIMIZATION_LEVEL = "-Onone";
			};
			name = Debug;
		};
		5C80042E196F6CA900897F1B /* Release */ = {
			isa = XCBuildConfiguration;
			buildSettings = {
				ALWAYS_SEARCH_USER_PATHS = NO;
				CLANG_CXX_LANGUAGE_STANDARD = "gnu++0x";
				CLANG_CXX_LIBRARY = "libc++";
				CLANG_ENABLE_MODULES = YES;
				CLANG_ENABLE_OBJC_ARC = YES;
				CLANG_WARN_BOOL_CONVERSION = YES;
				CLANG_WARN_CONSTANT_CONVERSION = YES;
				CLANG_WARN_DIRECT_OBJC_ISA_USAGE = YES_ERROR;
				CLANG_WARN_EMPTY_BODY = YES;
				CLANG_WARN_ENUM_CONVERSION = YES;
				CLANG_WARN_INT_CONVERSION = YES;
				CLANG_WARN_OBJC_ROOT_CLASS = YES_ERROR;
				CLANG_WARN_UNREACHABLE_CODE = YES;
				CLANG_WARN__DUPLICATE_METHOD_MATCH = YES;
				"CODE_SIGN_IDENTITY[sdk=iphoneos*]" = "iPhone Developer";
				COPY_PHASE_STRIP = YES;
				ENABLE_NS_ASSERTIONS = NO;
				ENABLE_STRICT_OBJC_MSGSEND = YES;
				GCC_C_LANGUAGE_STANDARD = gnu99;
				GCC_WARN_64_TO_32_BIT_CONVERSION = YES;
				GCC_WARN_ABOUT_RETURN_TYPE = YES_ERROR;
				GCC_WARN_UNDECLARED_SELECTOR = YES;
				GCC_WARN_UNINITIALIZED_AUTOS = YES_AGGRESSIVE;
				GCC_WARN_UNUSED_FUNCTION = YES;
				GCC_WARN_UNUSED_VARIABLE = YES;
				IPHONEOS_DEPLOYMENT_TARGET = 8.0;
				MTL_ENABLE_DEBUG_INFO = NO;
				SDKROOT = iphoneos;
				VALIDATE_PRODUCT = YES;
			};
			name = Release;
		};
		5C800430196F6CA900897F1B /* Debug */ = {
			isa = XCBuildConfiguration;
			buildSettings = {
				ASSETCATALOG_COMPILER_APPICON_NAME = AppIcon;
				ASSETCATALOG_COMPILER_LAUNCHIMAGE_NAME = LaunchImage;
				INFOPLIST_FILE = "FeedReader-Swift/Info.plist";
				LD_RUNPATH_SEARCH_PATHS = "$(inherited) @executable_path/Frameworks";
				PRODUCT_NAME = "$(TARGET_NAME)";
			};
			name = Debug;
		};
		5C800431196F6CA900897F1B /* Release */ = {
			isa = XCBuildConfiguration;
			buildSettings = {
				ASSETCATALOG_COMPILER_APPICON_NAME = AppIcon;
				ASSETCATALOG_COMPILER_LAUNCHIMAGE_NAME = LaunchImage;
				INFOPLIST_FILE = "FeedReader-Swift/Info.plist";
				LD_RUNPATH_SEARCH_PATHS = "$(inherited) @executable_path/Frameworks";
				PRODUCT_NAME = "$(TARGET_NAME)";
			};
			name = Release;
		};
		5C800433196F6CA900897F1B /* Debug */ = {
			isa = XCBuildConfiguration;
			buildSettings = {
				BUNDLE_LOADER = "$(BUILT_PRODUCTS_DIR)/FeedReader-Swift.app/FeedReader-Swift";
				FRAMEWORK_SEARCH_PATHS = (
					"$(SDKROOT)/Developer/Library/Frameworks",
					"$(inherited)",
				);
				GCC_PREPROCESSOR_DEFINITIONS = (
					"DEBUG=1",
					"$(inherited)",
				);
				INFOPLIST_FILE = "FeedReader-SwiftTests/Info.plist";
				LD_RUNPATH_SEARCH_PATHS = "$(inherited) @executable_path/Frameworks @loader_path/Frameworks";
				PRODUCT_NAME = "$(TARGET_NAME)";
				TEST_HOST = "$(BUNDLE_LOADER)";
			};
			name = Debug;
		};
		5C800434196F6CA900897F1B /* Release */ = {
			isa = XCBuildConfiguration;
			buildSettings = {
				BUNDLE_LOADER = "$(BUILT_PRODUCTS_DIR)/FeedReader-Swift.app/FeedReader-Swift";
				FRAMEWORK_SEARCH_PATHS = (
					"$(SDKROOT)/Developer/Library/Frameworks",
					"$(inherited)",
				);
				INFOPLIST_FILE = "FeedReader-SwiftTests/Info.plist";
				LD_RUNPATH_SEARCH_PATHS = "$(inherited) @executable_path/Frameworks @loader_path/Frameworks";
				PRODUCT_NAME = "$(TARGET_NAME)";
				TEST_HOST = "$(BUNDLE_LOADER)";
			};
			name = Release;
		};
/* End XCBuildConfiguration section */

/* Begin XCConfigurationList section */
		5C80040E196F6CA900897F1B /* Build configuration list for PBXProject "FeedReader-Swift" */ = {
			isa = XCConfigurationList;
			buildConfigurations = (
				5C80042D196F6CA900897F1B /* Debug */,
				5C80042E196F6CA900897F1B /* Release */,
			);
			defaultConfigurationIsVisible = 0;
			defaultConfigurationName = Release;
		};
		5C80042F196F6CA900897F1B /* Build configuration list for PBXNativeTarget "FeedReader-Swift" */ = {
			isa = XCConfigurationList;
			buildConfigurations = (
				5C800430196F6CA900897F1B /* Debug */,
				5C800431196F6CA900897F1B /* Release */,
			);
			defaultConfigurationIsVisible = 0;
		};
		5C800432196F6CA900897F1B /* Build configuration list for PBXNativeTarget "FeedReader-SwiftTests" */ = {
			isa = XCConfigurationList;
			buildConfigurations = (
				5C800433196F6CA900897F1B /* Debug */,
				5C800434196F6CA900897F1B /* Release */,
			);
			defaultConfigurationIsVisible = 0;
		};
/* End XCConfigurationList section */
	};
	rootObject = 5C80040B196F6CA900897F1B /* Project object */;
}
